{
  "name": "Mind-Web",
  "lockfileVersion": 3,
  "requires": true,
  "packages": {
    "": {
      "dependencies": {
        "linkify-html": "^4.3.2"
      }
    },
    "node_modules/linkify-html": {
      "version": "4.3.2",
      "resolved": "https://registry.npmjs.org/linkify-html/-/linkify-html-4.3.2.tgz",
      "integrity": "sha512-RozNgrfSFrNQlprJSZIN7lF+ZVPj5Pz8POQcu1PYGAUhL9tKtvtWcOXOmlXjuGGEWHtC6gt6Q2U4+VUq9ELmng==",
      "license": "MIT",
      "peerDependencies": {
        "linkifyjs": "^4.0.0"
      }
    },
    "node_modules/linkifyjs": {
      "version": "4.3.2",
      "resolved": "https://registry.npmjs.org/linkifyjs/-/linkifyjs-4.3.2.tgz",
      "integrity": "sha512-NT1CJtq3hHIreOianA8aSXn6Cw0JzYOuDQbOrSPe7gqFnCpKP++MQe3ODgO3oh2GJFORkAAdqredOa60z63GbA==",
      "license": "MIT",
      "peer": true
    }
  }
}
